
Microsoft Visual Studio Solution File, Format Version 12.00
# Visual Studio Version 17
VisualStudioVersion = 17.11.35303.130
MinimumVisualStudioVersion = 10.0.40219.1
Project("{888888A0-9F3D-457C-B088-3A5042F75D52}") = "ZadanieZaliczenioweDomowe", "ZadanieZaliczenioweDomowe\ZadanieZaliczenioweDomowe.pyproj", "{B4932976-CBA1-43BE-97A1-3E95368002E7}"
EndProject
Global
	GlobalSection(SolutionConfigurationPlatforms) = preSolution
		Debug|Any CPU = Debug|Any CPU
		Release|Any CPU = Release|Any CPU
	EndGlobalSection
	GlobalSection(ProjectConfigurationPlatforms) = postSolution
		{B4932976-CBA1-43BE-97A1-3E95368002E7}.Debug|Any CPU.ActiveCfg = Debug|Any CPU
		{B4932976-CBA1-43BE-97A1-3E95368002E7}.Release|Any CPU.ActiveCfg = Release|Any CPU
	EndGlobalSection
	GlobalSection(SolutionProperties) = preSolution
		HideSolutionNode = FALSE
	EndGlobalSection
	GlobalSection(ExtensibilityGlobals) = postSolution
		SolutionGuid = {1705539C-7A1F-4556-966F-548C172A71F7}
	EndGlobalSection
EndGlobal
